{
  "name": "manualaction",
  "lockfileVersion": 2,
  "requires": true,
  "packages": {
    "": {
      "dependencies": {
        "class-validator": "^0.13.2",
        "cookiejar": "^2.1.4",
        "json5": "^1.0.1"
      }
    },
    "node_modules/class-validator": {
      "version": "0.13.2",
      "resolved": "https://registry.npmjs.org/class-validator/-/class-validator-0.13.2.tgz",
      "integrity": "sha512-yBUcQy07FPlGzUjoLuUfIOXzgynnQPPruyK1Ge2B74k9ROwnle1E+NxLWnUv5OLU8hA/qL5leAE9XnXq3byaBw==",
      "dependencies": {
        "libphonenumber-js": "^1.9.43",
        "validator": "^13.7.0"
      }
    },
    "node_modules/cookiejar": {
      "version": "2.1.4",
      "resolved": "https://registry.npmjs.org/cookiejar/-/cookiejar-2.1.4.tgz",
      "integrity": "sha512-LDx6oHrK+PhzLKJU9j5S7/Y3jM/mUHvD/DeI1WQmJn652iPC5Y4TBzC9l+5OMOXlyTTA+SmVUPm0HQUwpD5Jqw=="
    },
    "node_modules/json5": {
      "version": "1.0.2",
      "resolved": "https://registry.npmjs.org/json5/-/json5-1.0.2.tgz",
      "integrity": "sha512-g1MWMLBiz8FKi1e4w0UyVL3w+iJceWAFBAaBnnGKOpNa5f8TLktkbre1+s6oICydWAm+HRUGTmI+//xv2hvXYA==",
      "dependencies": {
        "minimist": "^1.2.0"
      },
      "bin": {
        "json5": "lib/cli.js"
      }
    },
    "node_modules/libphonenumber-js": {
      "version": "1.10.21",
      "resolved": "https://registry.npmjs.org/libphonenumber-js/-/libphonenumber-js-1.10.21.tgz",
      "integrity": "sha512-/udZhx49av2r2gZR/+xXSrwcR8smX/sDNrVpOFrvW+CA26TfYTVZfwb3MIDvmwAYMLs7pXuJjZX0VxxGpqPhsA=="
    },
    "node_modules/minimist": {
      "version": "1.2.8",
      "resolved": "https://registry.npmjs.org/minimist/-/minimist-1.2.8.tgz",
      "integrity": "sha512-2yyAR8qBkN3YuheJanUpWC5U3bb5osDywNB8RzDVlDwDHbocAJveqqj1u8+SVD7jkWT4yvsHCpWqqWqAxb0zCA==",
      "funding": {
        "url": "https://github.com/sponsors/ljharb"
      }
    },
    "node_modules/validator": {
      "version": "13.9.0",
      "resolved": "https://registry.npmjs.org/validator/-/validator-13.9.0.tgz",
      "integrity": "sha512-B+dGG8U3fdtM0/aNK4/X8CXq/EcxU2WPrPEkJGslb47qyHsxmbggTWK0yEA4qnYVNF+nxNlN88o14hIcPmSIEA==",
      "engines": {
        "node": ">= 0.10"
      }
    }
  },
  "dependencies": {
    "class-validator": {
      "version": "0.13.2",
      "resolved": "https://registry.npmjs.org/class-validator/-/class-validator-0.13.2.tgz",
      "integrity": "sha512-yBUcQy07FPlGzUjoLuUfIOXzgynnQPPruyK1Ge2B74k9ROwnle1E+NxLWnUv5OLU8hA/qL5leAE9XnXq3byaBw==",
      "requires": {
        "libphonenumber-js": "^1.9.43",
        "validator": "^13.7.0"
      }
    },
    "cookiejar": {
      "version": "2.1.4",
      "resolved": "https://registry.npmjs.org/cookiejar/-/cookiejar-2.1.4.tgz",
      "integrity": "sha512-LDx6oHrK+PhzLKJU9j5S7/Y3jM/mUHvD/DeI1WQmJn652iPC5Y4TBzC9l+5OMOXlyTTA+SmVUPm0HQUwpD5Jqw=="
    },
    "json5": {
      "version": "1.0.2",
      "resolved": "https://registry.npmjs.org/json5/-/json5-1.0.2.tgz",
      "integrity": "sha512-g1MWMLBiz8FKi1e4w0UyVL3w+iJceWAFBAaBnnGKOpNa5f8TLktkbre1+s6oICydWAm+HRUGTmI+//xv2hvXYA==",
      "requires": {
        "minimist": "^1.2.0"
      }
    },
    "libphonenumber-js": {
      "version": "1.10.21",
      "resolved": "https://registry.npmjs.org/libphonenumber-js/-/libphonenumber-js-1.10.21.tgz",
      "integrity": "sha512-/udZhx49av2r2gZR/+xXSrwcR8smX/sDNrVpOFrvW+CA26TfYTVZfwb3MIDvmwAYMLs7pXuJjZX0VxxGpqPhsA=="
    },
    "minimist": {
      "version": "1.2.8",
      "resolved": "https://registry.npmjs.org/minimist/-/minimist-1.2.8.tgz",
      "integrity": "sha512-2yyAR8qBkN3YuheJanUpWC5U3bb5osDywNB8RzDVlDwDHbocAJveqqj1u8+SVD7jkWT4yvsHCpWqqWqAxb0zCA=="
    },
    "validator": {
      "version": "13.9.0",
      "resolved": "https://registry.npmjs.org/validator/-/validator-13.9.0.tgz",
      "integrity": "sha512-B+dGG8U3fdtM0/aNK4/X8CXq/EcxU2WPrPEkJGslb47qyHsxmbggTWK0yEA4qnYVNF+nxNlN88o14hIcPmSIEA=="
    }
  }
}
